
Microsoft Visual Studio Solution File, Format Version 12.00
# Visual Studio Version 17
VisualStudioVersion = 17.8.34330.188
MinimumVisualStudioVersion = 10.0.40219.1
Project("{888888A0-9F3D-457C-B088-3A5042F75D52}") = "PythonBackEnd", "PythonBackEnd.pyproj", "{DC17F26D-A525-4558-922B-3F96D316A694}"
EndProject
Global
	GlobalSection(SolutionConfigurationPlatforms) = preSolution
		Debug|Any CPU = Debug|Any CPU
		Release|Any CPU = Release|Any CPU
	EndGlobalSection
	GlobalSection(ProjectConfigurationPlatforms) = postSolution
		{DC17F26D-A525-4558-922B-3F96D316A694}.Debug|Any CPU.ActiveCfg = Debug|Any CPU
		{DC17F26D-A525-4558-922B-3F96D316A694}.Release|Any CPU.ActiveCfg = Release|Any CPU
	EndGlobalSection
	GlobalSection(SolutionProperties) = preSolution
		HideSolutionNode = FALSE
	EndGlobalSection
	GlobalSection(ExtensibilityGlobals) = postSolution
		SolutionGuid = {0C35A15B-0D21-4EB5-B89B-FBEA8BA5A40D}
	EndGlobalSection
EndGlobal
